<?xml version="1.0" encoding="utf-8"?>
<Project ToolsVersion="4.0" xmlns="http://schemas.microsoft.com/developer/msbuild/2003">
  <ItemGroup>
    <ClCompile Include="src\arr.cpp" />
    <ClCompile Include="src\dllmain.cpp" />
    <ClCompile Include="src\engine.cpp" />
    <ClCompile Include="src\injector.cpp" />
    <ClCompile Include="src\logger.cpp" />
    <ClCompile Include="src\pipe.cpp" />
    <ClCompile Include="src\utils.cpp" />
  </ItemGroup>
  <ItemGroup>
    <ClInclude Include="src\arr.h" />
    <ClInclude Include="src\engine.h" />
    <ClInclude Include="src\injector.h" />
    <ClInclude Include="src\logger.h" />
    <ClInclude Include="src\pipe.h" />
    <ClInclude Include="src\utils.h" />
  </ItemGroup>
</Project>