<?xml version="1.0" encoding="utf-8"?>
<Project ToolsVersion="4.0" xmlns="http://schemas.microsoft.com/developer/msbuild/2003">
  <ItemGroup>
    <Filter Include="Source Files">
      <UniqueIdentifier>{4FC737F1-C7A5-4376-A066-2A32D752A2FF}</UniqueIdentifier>
      <Extensions>cpp;c;cc;cxx;c++;cppm;ixx;def;odl;idl;hpj;bat;asm;asmx</Extensions>
    </Filter>
    <Filter Include="Header Files">
      <UniqueIdentifier>{93995380-89BD-4b04-88EB-625FBE52EBFB}</UniqueIdentifier>
      <Extensions>h;hh;hpp;hxx;h++;hm;inl;inc;ipp;xsd</Extensions>
    </Filter>
    <Filter Include="Resource Files">
      <UniqueIdentifier>{67DA6AB6-F800-4c08-8B7A-83BB121AAD01}</UniqueIdentifier>
      <Extensions>rc;ico;cur;bmp;dlg;rc2;rct;bin;rgs;gif;jpg;jpeg;jpe;resx;tiff;tif;png;wav;mfcribbon-ms</Extensions>
    </Filter>
  </ItemGroup>
  <ItemGroup>
    <ClCompile Include="src\net\messages\getdata.cpp">
      <Filter>Source Files</Filter>
    </ClCompile>
    <ClCompile Include="src\net\messages\getinstances.cpp">
      <Filter>Source Files</Filter>
    </ClCompile>
    <ClCompile Include="src\net\messages\getstatic.cpp">
      <Filter>Source Files</Filter>
    </ClCompile>
    <ClCompile Include="src\net\messages\getstruct.cpp">
      <Filter>Source Files</Filter>
    </ClCompile>
    <ClCompile Include="src\net\messages\getstructlist.cpp">
      <Filter>Source Files</Filter>
    </ClCompile>
    <ClCompile Include="src\net\messages\log.cpp">
      <Filter>Source Files</Filter>
    </ClCompile>
    <ClCompile Include="src\net\messages\ready.cpp">
      <Filter>Source Files</Filter>
    </ClCompile>
    <ClCompile Include="src\net\buffer.cpp">
      <Filter>Source Files</Filter>
    </ClCompile>
    <ClCompile Include="src\net\message.cpp">
      <Filter>Source Files</Filter>
    </ClCompile>
    <ClCompile Include="src\net\pipe.cpp">
      <Filter>Source Files</Filter>
    </ClCompile>
    <ClCompile Include="src\query\query.cpp">
      <Filter>Source Files</Filter>
    </ClCompile>
    <ClCompile Include="src\utils\memory.cpp">
      <Filter>Source Files</Filter>
    </ClCompile>
    <ClCompile Include="src\utils\scanner.cpp">
      <Filter>Source Files</Filter>
    </ClCompile>
    <ClCompile Include="src\wrappers\ffield.cpp">
      <Filter>Source Files</Filter>
    </ClCompile>
    <ClCompile Include="src\wrappers\fproperty.cpp">
      <Filter>Source Files</Filter>
    </ClCompile>
    <ClCompile Include="src\wrappers\uobject.cpp">
      <Filter>Source Files</Filter>
    </ClCompile>
    <ClCompile Include="src\dllmain.cpp">
      <Filter>Source Files</Filter>
    </ClCompile>
    <ClCompile Include="src\generator.cpp">
      <Filter>Source Files</Filter>
    </ClCompile>
    <ClCompile Include="src\injector.cpp">
      <Filter>Source Files</Filter>
    </ClCompile>
    <ClCompile Include="src\net\messages\getstructtype.cpp">
      <Filter>Source Files</Filter>
    </ClCompile>
    <ClCompile Include="src\net\messages\getinstancesmulti.cpp">
      <Filter>Source Files</Filter>
    </ClCompile>
    <ClCompile Include="src\UE\v425\ffield.cpp">
      <Filter>Source Files</Filter>
    </ClCompile>
    <ClCompile Include="src\UE\v425\fname.cpp">
      <Filter>Source Files</Filter>
    </ClCompile>
    <ClCompile Include="src\UE\v425\uobject.cpp">
      <Filter>Source Files</Filter>
    </ClCompile>
    <ClCompile Include="src\UE\v425\uobjectarray.cpp">
      <Filter>Source Files</Filter>
    </ClCompile>
    <ClCompile Include="src\UE\v503\ffield.cpp">
      <Filter>Source Files</Filter>
    </ClCompile>
    <ClCompile Include="src\UE\v503\fname.cpp">
      <Filter>Source Files</Filter>
    </ClCompile>
    <ClCompile Include="src\UE\v503\uobject.cpp">
      <Filter>Source Files</Filter>
    </ClCompile>
    <ClCompile Include="src\UE\v503\uobjectarray.cpp">
      <Filter>Source Files</Filter>
    </ClCompile>
    <ClCompile Include="src\wrappers\uobjectarray.cpp">
      <Filter>Source Files</Filter>
    </ClCompile>
    <ClCompile Include="src\wrappers\fname.cpp">
      <Filter>Source Files</Filter>
    </ClCompile>
    <ClCompile Include="src\wrappers\ftext.cpp">
      <Filter>Source Files</Filter>
    </ClCompile>
  </ItemGroup>
  <ItemGroup>
    <ClInclude Include="src\net\messages\getdata.h">
      <Filter>Header Files</Filter>
    </ClInclude>
    <ClInclude Include="src\net\messages\getinstances.h">
      <Filter>Header Files</Filter>
    </ClInclude>
    <ClInclude Include="src\net\messages\getstatic.h">
      <Filter>Header Files</Filter>
    </ClInclude>
    <ClInclude Include="src\net\messages\getstruct.h">
      <Filter>Header Files</Filter>
    </ClInclude>
    <ClInclude Include="src\net\messages\getstructlist.h">
      <Filter>Header Files</Filter>
    </ClInclude>
    <ClInclude Include="src\net\messages\log.h">
      <Filter>Header Files</Filter>
    </ClInclude>
    <ClInclude Include="src\net\messages\ready.h">
      <Filter>Header Files</Filter>
    </ClInclude>
    <ClInclude Include="src\net\buffer.h">
      <Filter>Header Files</Filter>
    </ClInclude>
    <ClInclude Include="src\net\message.h">
      <Filter>Header Files</Filter>
    </ClInclude>
    <ClInclude Include="src\net\pipe.h">
      <Filter>Header Files</Filter>
    </ClInclude>
    <ClInclude Include="src\query\query.h">
      <Filter>Header Files</Filter>
    </ClInclude>
    <ClInclude Include="src\utils\hash.h">
      <Filter>Header Files</Filter>
    </ClInclude>
    <ClInclude Include="src\utils\memory.h">
      <Filter>Header Files</Filter>
    </ClInclude>
    <ClInclude Include="src\utils\scanner.h">
      <Filter>Header Files</Filter>
    </ClInclude>
    <ClInclude Include="src\wrappers\base.h">
      <Filter>Header Files</Filter>
    </ClInclude>
    <ClInclude Include="src\wrappers\ffield.h">
      <Filter>Header Files</Filter>
    </ClInclude>
    <ClInclude Include="src\wrappers\fproperty.h">
      <Filter>Header Files</Filter>
    </ClInclude>
    <ClInclude Include="src\wrappers\uobject.h">
      <Filter>Header Files</Filter>
    </ClInclude>
    <ClInclude Include="src\generator.h">
      <Filter>Header Files</Filter>
    </ClInclude>
    <ClInclude Include="src\injector.h">
      <Filter>Header Files</Filter>
    </ClInclude>
    <ClInclude Include="src\net\messages\getstructtype.h">
      <Filter>Header Files</Filter>
    </ClInclude>
    <ClInclude Include="src\net\messages\getinstancesmulti.h">
      <Filter>Header Files</Filter>
    </ClInclude>
    <ClInclude Include="src\UE\base.h">
      <Filter>Header Files</Filter>
    </ClInclude>
    <ClInclude Include="src\UE\v425\ffield.h">
      <Filter>Header Files</Filter>
    </ClInclude>
    <ClInclude Include="src\UE\v425\fname.h">
      <Filter>Header Files</Filter>
    </ClInclude>
    <ClInclude Include="src\UE\v425\fproperty.h">
      <Filter>Header Files</Filter>
    </ClInclude>
    <ClInclude Include="src\UE\v425\ftext.h">
      <Filter>Header Files</Filter>
    </ClInclude>
    <ClInclude Include="src\UE\v425\uobject.h">
      <Filter>Header Files</Filter>
    </ClInclude>
    <ClInclude Include="src\UE\v425\uobjectarray.h">
      <Filter>Header Files</Filter>
    </ClInclude>
    <ClInclude Include="src\UE\v503\ffield.h">
      <Filter>Header Files</Filter>
    </ClInclude>
    <ClInclude Include="src\UE\v503\fname.h">
      <Filter>Header Files</Filter>
    </ClInclude>
    <ClInclude Include="src\UE\v503\fproperty.h">
      <Filter>Header Files</Filter>
    </ClInclude>
    <ClInclude Include="src\UE\v503\ftext.h">
      <Filter>Header Files</Filter>
    </ClInclude>
    <ClInclude Include="src\UE\v503\uobject.h">
      <Filter>Header Files</Filter>
    </ClInclude>
    <ClInclude Include="src\UE\v503\uobjectarray.h">
      <Filter>Header Files</Filter>
    </ClInclude>
    <ClInclude Include="src\wrappers\uobjectarray.h">
      <Filter>Header Files</Filter>
    </ClInclude>
    <ClInclude Include="src\wrappers\fname.h">
      <Filter>Header Files</Filter>
    </ClInclude>
    <ClInclude Include="src\wrappers\ftext.h">
      <Filter>Header Files</Filter>
    </ClInclude>
  </ItemGroup>
</Project>