
Microsoft Visual Studio Solution File, Format Version 12.00
# Visual Studio Version 17
VisualStudioVersion = 17.0.31912.275
MinimumVisualStudioVersion = 10.0.40219.1
Project("{8BC9CEB8-8B4A-11D0-8D11-00A0C91BC942}") = "RROxDLL", "RROxDLL.vcxproj", "{17BF639B-770D-4C95-9663-6E0137F5FB8A}"
EndProject
Global
	GlobalSection(SolutionConfigurationPlatforms) = preSolution
		Debug|x64 = Debug|x64
		Debug|x86 = Debug|x86
		Release|x64 = Release|x64
		Release|x86 = Release|x86
	EndGlobalSection
	GlobalSection(ProjectConfigurationPlatforms) = postSolution
		{17BF639B-770D-4C95-9663-6E0137F5FB8A}.Debug|x64.ActiveCfg = Debug|x64
		{17BF639B-770D-4C95-9663-6E0137F5FB8A}.Debug|x64.Build.0 = Debug|x64
		{17BF639B-770D-4C95-9663-6E0137F5FB8A}.Debug|x86.ActiveCfg = Debug|Win32
		{17BF639B-770D-4C95-9663-6E0137F5FB8A}.Debug|x86.Build.0 = Debug|Win32
		{17BF639B-770D-4C95-9663-6E0137F5FB8A}.Release|x64.ActiveCfg = Release|x64
		{17BF639B-770D-4C95-9663-6E0137F5FB8A}.Release|x64.Build.0 = Release|x64
		{17BF639B-770D-4C95-9663-6E0137F5FB8A}.Release|x86.ActiveCfg = Release|Win32
		{17BF639B-770D-4C95-9663-6E0137F5FB8A}.Release|x86.Build.0 = Release|Win32
	EndGlobalSection
	GlobalSection(SolutionProperties) = preSolution
		HideSolutionNode = FALSE
	EndGlobalSection
	GlobalSection(ExtensibilityGlobals) = postSolution
		SolutionGuid = {5A467754-C679-408F-9FB6-7074C3984C56}
	EndGlobalSection
EndGlobal
